
Microsoft Visual Studio Solution File, Format Version 12.00
# Visual Studio Version 16
VisualStudioVersion = 16.0.31205.134
MinimumVisualStudioVersion = 10.0.40219.1
Project("{FAE04EC0-301F-11D3-BF4B-00C04F79EFBC}") = "CompareTo", "CompareTo\CompareTo.csproj", "{14E77A62-6F9E-48CE-AD32-9E4DD9BADE3D}"
EndProject
Global
	GlobalSection(SolutionConfigurationPlatforms) = preSolution
		Debug|Any CPU = Debug|Any CPU
		Release|Any CPU = Release|Any CPU
	EndGlobalSection
	GlobalSection(ProjectConfigurationPlatforms) = postSolution
		{14E77A62-6F9E-48CE-AD32-9E4DD9BADE3D}.Debug|Any CPU.ActiveCfg = Debug|Any CPU
		{14E77A62-6F9E-48CE-AD32-9E4DD9BADE3D}.Debug|Any CPU.Build.0 = Debug|Any CPU
		{14E77A62-6F9E-48CE-AD32-9E4DD9BADE3D}.Release|Any CPU.ActiveCfg = Release|Any CPU
		{14E77A62-6F9E-48CE-AD32-9E4DD9BADE3D}.Release|Any CPU.Build.0 = Release|Any CPU
	EndGlobalSection
	GlobalSection(SolutionProperties) = preSolution
		HideSolutionNode = FALSE
	EndGlobalSection
	GlobalSection(ExtensibilityGlobals) = postSolution
		SolutionGuid = {CC8EF436-2B8D-481A-93B6-F6C1D859D9F2}
	EndGlobalSection
EndGlobal
